
Microsoft Visual Studio Solution File, Format Version 12.00
# Visual Studio Version 17
VisualStudioVersion = 17.3.32922.545
MinimumVisualStudioVersion = 10.0.40219.1
Project("{2150E333-8FDC-42A3-9474-1A3956D46DE8}") = "Presentation Layer", "Presentation Layer", "{46AAD804-FB19-4D67-99CA-79C7A943B565}"
EndProject
Project("{2150E333-8FDC-42A3-9474-1A3956D46DE8}") = "Data Layer", "Data Layer", "{3F461DA2-BD96-4AAB-BB5E-A5682B5E99F1}"
EndProject
Project("{2150E333-8FDC-42A3-9474-1A3956D46DE8}") = "Business Layer", "Business Layer", "{857DEA12-BAC4-41C9-828D-380819BA8892}"
EndProject
Project("{9A19103F-16F7-4668-BE54-9A1E7A4F7556}") = "BusinessObject", "DataAccess\BusinessObject.csproj", "{59612B36-D0F3-4D4A-8C43-949BA5E3A361}"
EndProject
Project("{9A19103F-16F7-4668-BE54-9A1E7A4F7556}") = "DataAccess", "BusinessObject\DataAccess.csproj", "{99D0FBB9-6BC3-408B-9574-C962E603C1B5}"
EndProject
Project("{9A19103F-16F7-4668-BE54-9A1E7A4F7556}") = "eStore", "eStore\eStore.csproj", "{596ED729-B6B2-41D8-9555-E7B8B4FDE9C2}"
EndProject
Global
	GlobalSection(SolutionConfigurationPlatforms) = preSolution
		Debug|Any CPU = Debug|Any CPU
		Release|Any CPU = Release|Any CPU
	EndGlobalSection
	GlobalSection(ProjectConfigurationPlatforms) = postSolution
		{59612B36-D0F3-4D4A-8C43-949BA5E3A361}.Debug|Any CPU.ActiveCfg = Debug|Any CPU
		{59612B36-D0F3-4D4A-8C43-949BA5E3A361}.Debug|Any CPU.Build.0 = Debug|Any CPU
		{59612B36-D0F3-4D4A-8C43-949BA5E3A361}.Release|Any CPU.ActiveCfg = Release|Any CPU
		{59612B36-D0F3-4D4A-8C43-949BA5E3A361}.Release|Any CPU.Build.0 = Release|Any CPU
		{99D0FBB9-6BC3-408B-9574-C962E603C1B5}.Debug|Any CPU.ActiveCfg = Debug|Any CPU
		{99D0FBB9-6BC3-408B-9574-C962E603C1B5}.Debug|Any CPU.Build.0 = Debug|Any CPU
		{99D0FBB9-6BC3-408B-9574-C962E603C1B5}.Release|Any CPU.ActiveCfg = Release|Any CPU
		{99D0FBB9-6BC3-408B-9574-C962E603C1B5}.Release|Any CPU.Build.0 = Release|Any CPU
		{596ED729-B6B2-41D8-9555-E7B8B4FDE9C2}.Debug|Any CPU.ActiveCfg = Debug|Any CPU
		{596ED729-B6B2-41D8-9555-E7B8B4FDE9C2}.Debug|Any CPU.Build.0 = Debug|Any CPU
		{596ED729-B6B2-41D8-9555-E7B8B4FDE9C2}.Release|Any CPU.ActiveCfg = Release|Any CPU
		{596ED729-B6B2-41D8-9555-E7B8B4FDE9C2}.Release|Any CPU.Build.0 = Release|Any CPU
	EndGlobalSection
	GlobalSection(SolutionProperties) = preSolution
		HideSolutionNode = FALSE
	EndGlobalSection
	GlobalSection(NestedProjects) = preSolution
		{59612B36-D0F3-4D4A-8C43-949BA5E3A361} = {857DEA12-BAC4-41C9-828D-380819BA8892}
		{99D0FBB9-6BC3-408B-9574-C962E603C1B5} = {3F461DA2-BD96-4AAB-BB5E-A5682B5E99F1}
		{596ED729-B6B2-41D8-9555-E7B8B4FDE9C2} = {46AAD804-FB19-4D67-99CA-79C7A943B565}
	EndGlobalSection
	GlobalSection(ExtensibilityGlobals) = postSolution
		SolutionGuid = {5CEA5C8F-EE3C-4E9B-9062-C126CFC5BFA2}
	EndGlobalSection
EndGlobal
